
Microsoft Visual Studio Solution File, Format Version 12.00
# Visual Studio Version 17
VisualStudioVersion = 17.6.33815.320
MinimumVisualStudioVersion = 10.0.40219.1
Project("{FAE04EC0-301F-11D3-BF4B-00C04F79EFBC}") = "Modules.Capture", "Modules.Capture\Modules.Capture.csproj", "{C868CE9D-2298-4E56-9A14-024A8B18A259}"
EndProject
Global
	GlobalSection(SolutionConfigurationPlatforms) = preSolution
		Debug|Any CPU = Debug|Any CPU
		Release|Any CPU = Release|Any CPU
	EndGlobalSection
	GlobalSection(ProjectConfigurationPlatforms) = postSolution
		{C868CE9D-2298-4E56-9A14-024A8B18A259}.Debug|Any CPU.ActiveCfg = Debug|Any CPU
		{C868CE9D-2298-4E56-9A14-024A8B18A259}.Debug|Any CPU.Build.0 = Debug|Any CPU
		{C868CE9D-2298-4E56-9A14-024A8B18A259}.Release|Any CPU.ActiveCfg = Release|Any CPU
		{C868CE9D-2298-4E56-9A14-024A8B18A259}.Release|Any CPU.Build.0 = Release|Any CPU
	EndGlobalSection
	GlobalSection(SolutionProperties) = preSolution
		HideSolutionNode = FALSE
	EndGlobalSection
	GlobalSection(ExtensibilityGlobals) = postSolution
		SolutionGuid = {2A8522E9-94EB-4120-BC16-8D6FD2F70BC2}
	EndGlobalSection
EndGlobal
